
Microsoft Visual Studio Solution File, Format Version 12.00
# Visual Studio Version 17
VisualStudioVersion = 17.5.33530.505
MinimumVisualStudioVersion = 10.0.40219.1
Project("{9A19103F-16F7-4668-BE54-9A1E7A4F7556}") = "IlustraApp.Infrastructure", "IlustraApp.Infrastructure\IlustraApp.Infrastructure.csproj", "{4487783E-4D0A-4D3C-9EFF-28770E5A6ED2}"
EndProject
Project("{9A19103F-16F7-4668-BE54-9A1E7A4F7556}") = "IlustraApp.Core", "IlustraApp.Core\IlustraApp.Core.csproj", "{429A809C-ECD7-4A4F-8DE6-9F25A4A17E70}"
EndProject
Project("{9A19103F-16F7-4668-BE54-9A1E7A4F7556}") = "IlustrApp.API", "IlustrApp.API\IlustrApp.API.csproj", "{5A6FB914-0B51-4B1D-98A5-9C910587B4FC}"
EndProject
Project("{2150E333-8FDC-42A3-9474-1A3956D46DE8}") = "lib", "lib", "{0CA2B40A-F2CC-477D-B61E-F13CD673B84B}"
EndProject
Project("{9A19103F-16F7-4668-BE54-9A1E7A4F7556}") = "Services", "Services\Services.csproj", "{9A5C2423-40FC-452F-A7EC-A62108580409}"
EndProject
Project("{FAE04EC0-301F-11D3-BF4B-00C04F79EFBC}") = "Security", "Security\Security.csproj", "{67E66CFE-8DAF-4A60-B4BC-525DE7504F0E}"
EndProject
Global
	GlobalSection(SolutionConfigurationPlatforms) = preSolution
		Debug|Any CPU = Debug|Any CPU
		Release|Any CPU = Release|Any CPU
	EndGlobalSection
	GlobalSection(ProjectConfigurationPlatforms) = postSolution
		{4487783E-4D0A-4D3C-9EFF-28770E5A6ED2}.Debug|Any CPU.ActiveCfg = Debug|Any CPU
		{4487783E-4D0A-4D3C-9EFF-28770E5A6ED2}.Debug|Any CPU.Build.0 = Debug|Any CPU
		{4487783E-4D0A-4D3C-9EFF-28770E5A6ED2}.Release|Any CPU.ActiveCfg = Release|Any CPU
		{4487783E-4D0A-4D3C-9EFF-28770E5A6ED2}.Release|Any CPU.Build.0 = Release|Any CPU
		{429A809C-ECD7-4A4F-8DE6-9F25A4A17E70}.Debug|Any CPU.ActiveCfg = Debug|Any CPU
		{429A809C-ECD7-4A4F-8DE6-9F25A4A17E70}.Debug|Any CPU.Build.0 = Debug|Any CPU
		{429A809C-ECD7-4A4F-8DE6-9F25A4A17E70}.Release|Any CPU.ActiveCfg = Release|Any CPU
		{429A809C-ECD7-4A4F-8DE6-9F25A4A17E70}.Release|Any CPU.Build.0 = Release|Any CPU
		{5A6FB914-0B51-4B1D-98A5-9C910587B4FC}.Debug|Any CPU.ActiveCfg = Debug|Any CPU
		{5A6FB914-0B51-4B1D-98A5-9C910587B4FC}.Debug|Any CPU.Build.0 = Debug|Any CPU
		{5A6FB914-0B51-4B1D-98A5-9C910587B4FC}.Release|Any CPU.ActiveCfg = Release|Any CPU
		{5A6FB914-0B51-4B1D-98A5-9C910587B4FC}.Release|Any CPU.Build.0 = Release|Any CPU
		{9A5C2423-40FC-452F-A7EC-A62108580409}.Debug|Any CPU.ActiveCfg = Debug|Any CPU
		{9A5C2423-40FC-452F-A7EC-A62108580409}.Debug|Any CPU.Build.0 = Debug|Any CPU
		{9A5C2423-40FC-452F-A7EC-A62108580409}.Release|Any CPU.ActiveCfg = Release|Any CPU
		{9A5C2423-40FC-452F-A7EC-A62108580409}.Release|Any CPU.Build.0 = Release|Any CPU
		{67E66CFE-8DAF-4A60-B4BC-525DE7504F0E}.Debug|Any CPU.ActiveCfg = Debug|Any CPU
		{67E66CFE-8DAF-4A60-B4BC-525DE7504F0E}.Debug|Any CPU.Build.0 = Debug|Any CPU
		{67E66CFE-8DAF-4A60-B4BC-525DE7504F0E}.Release|Any CPU.ActiveCfg = Release|Any CPU
		{67E66CFE-8DAF-4A60-B4BC-525DE7504F0E}.Release|Any CPU.Build.0 = Release|Any CPU
	EndGlobalSection
	GlobalSection(SolutionProperties) = preSolution
		HideSolutionNode = FALSE
	EndGlobalSection
	GlobalSection(NestedProjects) = preSolution
		{9A5C2423-40FC-452F-A7EC-A62108580409} = {0CA2B40A-F2CC-477D-B61E-F13CD673B84B}
		{67E66CFE-8DAF-4A60-B4BC-525DE7504F0E} = {0CA2B40A-F2CC-477D-B61E-F13CD673B84B}
	EndGlobalSection
	GlobalSection(ExtensibilityGlobals) = postSolution
		SolutionGuid = {B55E8612-35F1-46B7-9717-5B57FB2F1042}
	EndGlobalSection
EndGlobal
